
Microsoft Visual Studio Solution File, Format Version 12.00
# Visual Studio Version 16
VisualStudioVersion = 16.0.29519.181
MinimumVisualStudioVersion = 10.0.40219.1
Project("{8BC9CEB8-8B4A-11D0-8D11-00A0C91BC942}") = "Project6", "Project6\Project6.vcxproj", "{D8DBC1E8-8A58-40D7-94F4-87C86B638987}"
EndProject
Global
	GlobalSection(SolutionConfigurationPlatforms) = preSolution
		Debug|x64 = Debug|x64
		Debug|x86 = Debug|x86
		Release|x64 = Release|x64
		Release|x86 = Release|x86
	EndGlobalSection
	GlobalSection(ProjectConfigurationPlatforms) = postSolution
		{D8DBC1E8-8A58-40D7-94F4-87C86B638987}.Debug|x64.ActiveCfg = Debug|x64
		{D8DBC1E8-8A58-40D7-94F4-87C86B638987}.Debug|x64.Build.0 = Debug|x64
		{D8DBC1E8-8A58-40D7-94F4-87C86B638987}.Debug|x86.ActiveCfg = Debug|Win32
		{D8DBC1E8-8A58-40D7-94F4-87C86B638987}.Debug|x86.Build.0 = Debug|Win32
		{D8DBC1E8-8A58-40D7-94F4-87C86B638987}.Release|x64.ActiveCfg = Release|x64
		{D8DBC1E8-8A58-40D7-94F4-87C86B638987}.Release|x64.Build.0 = Release|x64
		{D8DBC1E8-8A58-40D7-94F4-87C86B638987}.Release|x86.ActiveCfg = Release|Win32
		{D8DBC1E8-8A58-40D7-94F4-87C86B638987}.Release|x86.Build.0 = Release|Win32
	EndGlobalSection
	GlobalSection(SolutionProperties) = preSolution
		HideSolutionNode = FALSE
	EndGlobalSection
	GlobalSection(ExtensibilityGlobals) = postSolution
		SolutionGuid = {957F27E0-711D-4A50-8FDD-E551279F772D}
	EndGlobalSection
EndGlobal
